
Microsoft Visual Studio Solution File, Format Version 12.00
# Visual Studio Version 17
VisualStudioVersion = 17.2.32630.192
MinimumVisualStudioVersion = 10.0.40219.1
Project("{9A19103F-16F7-4668-BE54-9A1E7A4F7556}") = "TodoListApi", "TodoListApi.csproj", "{5E83064E-31FB-4EBA-AA1C-AF4DA46F5708}"
EndProject
Project("{9A19103F-16F7-4668-BE54-9A1E7A4F7556}") = "TodoListTests", "..\TodoListTests\TodoListTests.csproj", "{9C485F67-966B-4755-80C4-F8C7DB40524A}"
EndProject
Project("{E53339B2-1760-4266-BCC7-CA923CBCF16C}") = "docker-compose", "docker-compose.dcproj", "{3F350A47-1667-4FF9-8A39-EEF9D8FED45F}"
EndProject
Global
	GlobalSection(SolutionConfigurationPlatforms) = preSolution
		Debug|Any CPU = Debug|Any CPU
		Release|Any CPU = Release|Any CPU
	EndGlobalSection
	GlobalSection(ProjectConfigurationPlatforms) = postSolution
		{5E83064E-31FB-4EBA-AA1C-AF4DA46F5708}.Debug|Any CPU.ActiveCfg = Debug|Any CPU
		{5E83064E-31FB-4EBA-AA1C-AF4DA46F5708}.Debug|Any CPU.Build.0 = Debug|Any CPU
		{5E83064E-31FB-4EBA-AA1C-AF4DA46F5708}.Release|Any CPU.ActiveCfg = Release|Any CPU
		{5E83064E-31FB-4EBA-AA1C-AF4DA46F5708}.Release|Any CPU.Build.0 = Release|Any CPU
		{9C485F67-966B-4755-80C4-F8C7DB40524A}.Debug|Any CPU.ActiveCfg = Debug|Any CPU
		{9C485F67-966B-4755-80C4-F8C7DB40524A}.Debug|Any CPU.Build.0 = Debug|Any CPU
		{9C485F67-966B-4755-80C4-F8C7DB40524A}.Release|Any CPU.ActiveCfg = Release|Any CPU
		{9C485F67-966B-4755-80C4-F8C7DB40524A}.Release|Any CPU.Build.0 = Release|Any CPU
		{3F350A47-1667-4FF9-8A39-EEF9D8FED45F}.Debug|Any CPU.ActiveCfg = Debug|Any CPU
		{3F350A47-1667-4FF9-8A39-EEF9D8FED45F}.Debug|Any CPU.Build.0 = Debug|Any CPU
		{3F350A47-1667-4FF9-8A39-EEF9D8FED45F}.Release|Any CPU.ActiveCfg = Release|Any CPU
		{3F350A47-1667-4FF9-8A39-EEF9D8FED45F}.Release|Any CPU.Build.0 = Release|Any CPU
	EndGlobalSection
	GlobalSection(SolutionProperties) = preSolution
		HideSolutionNode = FALSE
	EndGlobalSection
	GlobalSection(ExtensibilityGlobals) = postSolution
		SolutionGuid = {902A1369-635B-4E34-AD80-879224197584}
	EndGlobalSection
EndGlobal
